
Microsoft Visual Studio Solution File, Format Version 12.00
# Visual Studio Version 17
VisualStudioVersion = 17.9.34728.123
MinimumVisualStudioVersion = 10.0.40219.1
Project("{6EC3EE1D-3C4E-46DD-8F32-0CC8E7565705}") = "001", "001\001.fsproj", "{A868B911-EC75-4B1A-8662-E2CD90685DB0}"
EndProject
Project("{6EC3EE1D-3C4E-46DD-8F32-0CC8E7565705}") = "002", "002\002.fsproj", "{6A2A3874-4FA4-4D30-B0B8-2538F45B008D}"
EndProject
Project("{6EC3EE1D-3C4E-46DD-8F32-0CC8E7565705}") = "sum-calc", "sum-calc\sum-calc.fsproj", "{1675BF4F-0C6E-4AA6-A7DF-C5B3F15C771D}"
EndProject
Project("{6EC3EE1D-3C4E-46DD-8F32-0CC8E7565705}") = "003", "003\003.fsproj", "{4E53CAD1-F69B-4A6E-8DF4-D3B528C74BA2}"
EndProject
Project("{6EC3EE1D-3C4E-46DD-8F32-0CC8E7565705}") = "add-calc", "add-calc\add-calc.fsproj", "{CA6E9AB8-AB9C-4B8B-B945-042231E1F9D0}"
EndProject
Project("{6EC3EE1D-3C4E-46DD-8F32-0CC8E7565705}") = "codewars", "codewars\codewars.fsproj", "{EAE0D728-CCA8-4D28-8863-D52C00D2337D}"
EndProject
Project("{6EC3EE1D-3C4E-46DD-8F32-0CC8E7565705}") = "m2p", "m2p\m2p.fsproj", "{37FC2F88-34A1-468C-A86D-E048F34C6A7C}"
EndProject
Project("{6EC3EE1D-3C4E-46DD-8F32-0CC8E7565705}") = "大衍之数", "大衍之数\大衍之数.fsproj", "{CC0E7BEF-8279-4028-A1E8-D7E058EF1476}"
EndProject
Project("{6EC3EE1D-3C4E-46DD-8F32-0CC8E7565705}") = "data-pipeline-homework", "data-pipeline-homework\data-pipeline-homework.fsproj", "{DFF3C037-DD69-4563-A834-8F32C3C167FF}"
EndProject
Project("{6EC3EE1D-3C4E-46DD-8F32-0CC8E7565705}") = "test", "test\test.fsproj", "{6375C6DB-91EB-4AA3-9887-7B84E79A339F}"
EndProject
Global
	GlobalSection(SolutionConfigurationPlatforms) = preSolution
		Debug|Any CPU = Debug|Any CPU
		Release|Any CPU = Release|Any CPU
	EndGlobalSection
	GlobalSection(ProjectConfigurationPlatforms) = postSolution
		{A868B911-EC75-4B1A-8662-E2CD90685DB0}.Debug|Any CPU.ActiveCfg = Debug|Any CPU
		{A868B911-EC75-4B1A-8662-E2CD90685DB0}.Debug|Any CPU.Build.0 = Debug|Any CPU
		{A868B911-EC75-4B1A-8662-E2CD90685DB0}.Release|Any CPU.ActiveCfg = Release|Any CPU
		{A868B911-EC75-4B1A-8662-E2CD90685DB0}.Release|Any CPU.Build.0 = Release|Any CPU
		{6A2A3874-4FA4-4D30-B0B8-2538F45B008D}.Debug|Any CPU.ActiveCfg = Debug|Any CPU
		{6A2A3874-4FA4-4D30-B0B8-2538F45B008D}.Debug|Any CPU.Build.0 = Debug|Any CPU
		{6A2A3874-4FA4-4D30-B0B8-2538F45B008D}.Release|Any CPU.ActiveCfg = Release|Any CPU
		{6A2A3874-4FA4-4D30-B0B8-2538F45B008D}.Release|Any CPU.Build.0 = Release|Any CPU
		{1675BF4F-0C6E-4AA6-A7DF-C5B3F15C771D}.Debug|Any CPU.ActiveCfg = Debug|Any CPU
		{1675BF4F-0C6E-4AA6-A7DF-C5B3F15C771D}.Debug|Any CPU.Build.0 = Debug|Any CPU
		{1675BF4F-0C6E-4AA6-A7DF-C5B3F15C771D}.Release|Any CPU.ActiveCfg = Release|Any CPU
		{1675BF4F-0C6E-4AA6-A7DF-C5B3F15C771D}.Release|Any CPU.Build.0 = Release|Any CPU
		{4E53CAD1-F69B-4A6E-8DF4-D3B528C74BA2}.Debug|Any CPU.ActiveCfg = Debug|Any CPU
		{4E53CAD1-F69B-4A6E-8DF4-D3B528C74BA2}.Debug|Any CPU.Build.0 = Debug|Any CPU
		{4E53CAD1-F69B-4A6E-8DF4-D3B528C74BA2}.Release|Any CPU.ActiveCfg = Release|Any CPU
		{4E53CAD1-F69B-4A6E-8DF4-D3B528C74BA2}.Release|Any CPU.Build.0 = Release|Any CPU
		{CA6E9AB8-AB9C-4B8B-B945-042231E1F9D0}.Debug|Any CPU.ActiveCfg = Debug|Any CPU
		{CA6E9AB8-AB9C-4B8B-B945-042231E1F9D0}.Debug|Any CPU.Build.0 = Debug|Any CPU
		{CA6E9AB8-AB9C-4B8B-B945-042231E1F9D0}.Release|Any CPU.ActiveCfg = Release|Any CPU
		{CA6E9AB8-AB9C-4B8B-B945-042231E1F9D0}.Release|Any CPU.Build.0 = Release|Any CPU
		{EAE0D728-CCA8-4D28-8863-D52C00D2337D}.Debug|Any CPU.ActiveCfg = Debug|Any CPU
		{EAE0D728-CCA8-4D28-8863-D52C00D2337D}.Debug|Any CPU.Build.0 = Debug|Any CPU
		{EAE0D728-CCA8-4D28-8863-D52C00D2337D}.Release|Any CPU.ActiveCfg = Release|Any CPU
		{EAE0D728-CCA8-4D28-8863-D52C00D2337D}.Release|Any CPU.Build.0 = Release|Any CPU
		{37FC2F88-34A1-468C-A86D-E048F34C6A7C}.Debug|Any CPU.ActiveCfg = Debug|Any CPU
		{37FC2F88-34A1-468C-A86D-E048F34C6A7C}.Debug|Any CPU.Build.0 = Debug|Any CPU
		{37FC2F88-34A1-468C-A86D-E048F34C6A7C}.Release|Any CPU.ActiveCfg = Release|Any CPU
		{37FC2F88-34A1-468C-A86D-E048F34C6A7C}.Release|Any CPU.Build.0 = Release|Any CPU
		{CC0E7BEF-8279-4028-A1E8-D7E058EF1476}.Debug|Any CPU.ActiveCfg = Debug|Any CPU
		{CC0E7BEF-8279-4028-A1E8-D7E058EF1476}.Debug|Any CPU.Build.0 = Debug|Any CPU
		{CC0E7BEF-8279-4028-A1E8-D7E058EF1476}.Release|Any CPU.ActiveCfg = Release|Any CPU
		{CC0E7BEF-8279-4028-A1E8-D7E058EF1476}.Release|Any CPU.Build.0 = Release|Any CPU
		{DFF3C037-DD69-4563-A834-8F32C3C167FF}.Debug|Any CPU.ActiveCfg = Debug|Any CPU
		{DFF3C037-DD69-4563-A834-8F32C3C167FF}.Debug|Any CPU.Build.0 = Debug|Any CPU
		{DFF3C037-DD69-4563-A834-8F32C3C167FF}.Release|Any CPU.ActiveCfg = Release|Any CPU
		{DFF3C037-DD69-4563-A834-8F32C3C167FF}.Release|Any CPU.Build.0 = Release|Any CPU
		{6375C6DB-91EB-4AA3-9887-7B84E79A339F}.Debug|Any CPU.ActiveCfg = Debug|Any CPU
		{6375C6DB-91EB-4AA3-9887-7B84E79A339F}.Debug|Any CPU.Build.0 = Debug|Any CPU
		{6375C6DB-91EB-4AA3-9887-7B84E79A339F}.Release|Any CPU.ActiveCfg = Release|Any CPU
		{6375C6DB-91EB-4AA3-9887-7B84E79A339F}.Release|Any CPU.Build.0 = Release|Any CPU
	EndGlobalSection
	GlobalSection(SolutionProperties) = preSolution
		HideSolutionNode = FALSE
	EndGlobalSection
	GlobalSection(ExtensibilityGlobals) = postSolution
		SolutionGuid = {5F115261-B602-4A3C-9F54-9D3FA4D69D8F}
	EndGlobalSection
EndGlobal
